// !$*UTF8*$!
{
	archiveVersion = 1;
	classes = {
	};
	objectVersion = 46;
	objects = {

/* Begin PBXBuildFile section */
		060C77091D7C851A00B85950 /* AppDelegate.swift in Sources */ = {isa = PBXBuildFile; fileRef = 060C77081D7C851A00B85950 /* AppDelegate.swift */; };
		060C770B1D7C851A00B85950 /* MainVC.swift in Sources */ = {isa = PBXBuildFile; fileRef = 060C770A1D7C851A00B85950 /* MainVC.swift */; };
		060C770E1D7C851A00B85950 /* Main.storyboard in Resources */ = {isa = PBXBuildFile; fileRef = 060C770C1D7C851A00B85950 /* Main.storyboard */; };
		060C77111D7C851A00B85950 /* DreamLister.xcdatamodeld in Sources */ = {isa = PBXBuildFile; fileRef = 060C770F1D7C851A00B85950 /* DreamLister.xcdatamodeld */; };
		060C77131D7C851A00B85950 /* Assets.xcassets in Resources */ = {isa = PBXBuildFile; fileRef = 060C77121D7C851A00B85950 /* Assets.xcassets */; };
		060C77161D7C851A00B85950 /* LaunchScreen.storyboard in Resources */ = {isa = PBXBuildFile; fileRef = 060C77141D7C851A00B85950 /* LaunchScreen.storyboard */; };
		060C77251D7C8BA100B85950 /* Item+CoreDataClass.swift in Sources */ = {isa = PBXBuildFile; fileRef = 060C771D1D7C8BA100B85950 /* Item+CoreDataClass.swift */; };
		060C77261D7C8BA100B85950 /* Item+CoreDataProperties.swift in Sources */ = {isa = PBXBuildFile; fileRef = 060C771E1D7C8BA100B85950 /* Item+CoreDataProperties.swift */; };
		060C77271D7C8BA100B85950 /* Image+CoreDataClass.swift in Sources */ = {isa = PBXBuildFile; fileRef = 060C771F1D7C8BA100B85950 /* Image+CoreDataClass.swift */; };
		060C77281D7C8BA100B85950 /* Image+CoreDataProperties.swift in Sources */ = {isa = PBXBuildFile; fileRef = 060C77201D7C8BA100B85950 /* Image+CoreDataProperties.swift */; };
		060C77291D7C8BA100B85950 /* ItemType+CoreDataClass.swift in Sources */ = {isa = PBXBuildFile; fileRef = 060C77211D7C8BA100B85950 /* ItemType+CoreDataClass.swift */; };
		060C772A1D7C8BA100B85950 /* ItemType+CoreDataProperties.swift in Sources */ = {isa = PBXBuildFile; fileRef = 060C77221D7C8BA100B85950 /* ItemType+CoreDataProperties.swift */; };
		060C772B1D7C8BA100B85950 /* Store+CoreDataClass.swift in Sources */ = {isa = PBXBuildFile; fileRef = 060C77231D7C8BA100B85950 /* Store+CoreDataClass.swift */; };
		060C772C1D7C8BA100B85950 /* Store+CoreDataProperties.swift in Sources */ = {isa = PBXBuildFile; fileRef = 060C77241D7C8BA100B85950 /* Store+CoreDataProperties.swift */; };
		060C77301D7CA07200B85950 /* tesla.jpg in Resources */ = {isa = PBXBuildFile; fileRef = 060C772F1D7CA07200B85950 /* tesla.jpg */; };
		060C77331D7CA12800B85950 /* MaterialView.swift in Sources */ = {isa = PBXBuildFile; fileRef = 060C77321D7CA12800B85950 /* MaterialView.swift */; };
		060C77351D7CA6C900B85950 /* ItemCell.swift in Sources */ = {isa = PBXBuildFile; fileRef = 060C77341D7CA6C900B85950 /* ItemCell.swift */; };
		0614BB8B1D7F34B10011B426 /* ItemDetailsVC.swift in Sources */ = {isa = PBXBuildFile; fileRef = 0614BB8A1D7F34B10011B426 /* ItemDetailsVC.swift */; };
		0614BB8D1D7F440C0011B426 /* CustomTextField.swift in Sources */ = {isa = PBXBuildFile; fileRef = 0614BB8C1D7F440C0011B426 /* CustomTextField.swift */; };
/* End PBXBuildFile section */

/* Begin PBXFileReference section */
		060C77051D7C851A00B85950 /* DreamLister.app */ = {isa = PBXFileReference; explicitFileType = wrapper.application; includeInIndex = 0; path = DreamLister.app; sourceTree = BUILT_PRODUCTS_DIR; };
		060C77081D7C851A00B85950 /* AppDelegate.swift */ = {isa = PBXFileReference; lastKnownFileType = sourcecode.swift; path = AppDelegate.swift; sourceTree = "<group>"; };
		060C770A1D7C851A00B85950 /* MainVC.swift */ = {isa = PBXFileReference; lastKnownFileType = sourcecode.swift; path = MainVC.swift; sourceTree = "<group>"; };
		060C770D1D7C851A00B85950 /* Base */ = {isa = PBXFileReference; lastKnownFileType = file.storyboard; name = Base; path = Base.lproj/Main.storyboard; sourceTree = "<group>"; };
		060C77101D7C851A00B85950 /* DreamLister.xcdatamodel */ = {isa = PBXFileReference; lastKnownFileType = wrapper.xcdatamodel; path = DreamLister.xcdatamodel; sourceTree = "<group>"; };
		060C77121D7C851A00B85950 /* Assets.xcassets */ = {isa = PBXFileReference; lastKnownFileType = folder.assetcatalog; path = Assets.xcassets; sourceTree = "<group>"; };
		060C77151D7C851A00B85950 /* Base */ = {isa = PBXFileReference; lastKnownFileType = file.storyboard; name = Base; path = Base.lproj/LaunchScreen.storyboard; sourceTree = "<group>"; };
		060C77171D7C851A00B85950 /* Info.plist */ = {isa = PBXFileReference; lastKnownFileType = text.plist.xml; path = Info.plist; sourceTree = "<group>"; };
		060C771D1D7C8BA100B85950 /* Item+CoreDataClass.swift */ = {isa = PBXFileReference; fileEncoding = 4; lastKnownFileType = sourcecode.swift; path = "Item+CoreDataClass.swift"; sourceTree = "<group>"; };
		060C771E1D7C8BA100B85950 /* Item+CoreDataProperties.swift */ = {isa = PBXFileReference; fileEncoding = 4; lastKnownFileType = sourcecode.swift; path = "Item+CoreDataProperties.swift"; sourceTree = "<group>"; };
		060C771F1D7C8BA100B85950 /* Image+CoreDataClass.swift */ = {isa = PBXFileReference; fileEncoding = 4; lastKnownFileType = sourcecode.swift; path = "Image+CoreDataClass.swift"; sourceTree = "<group>"; };
		060C77201D7C8BA100B85950 /* Image+CoreDataProperties.swift */ = {isa = PBXFileReference; fileEncoding = 4; lastKnownFileType = sourcecode.swift; path = "Image+CoreDataProperties.swift"; sourceTree = "<group>"; };
		060C77211D7C8BA100B85950 /* ItemType+CoreDataClass.swift */ = {isa = PBXFileReference; fileEncoding = 4; lastKnownFileType = sourcecode.swift; path = "ItemType+CoreDataClass.swift"; sourceTree = "<group>"; };
		060C77221D7C8BA100B85950 /* ItemType+CoreDataProperties.swift */ = {isa = PBXFileReference; fileEncoding = 4; lastKnownFileType = sourcecode.swift; path = "ItemType+CoreDataProperties.swift"; sourceTree = "<group>"; };
		060C77231D7C8BA100B85950 /* Store+CoreDataClass.swift */ = {isa = PBXFileReference; fileEncoding = 4; lastKnownFileType = sourcecode.swift; path = "Store+CoreDataClass.swift"; sourceTree = "<group>"; };
		060C77241D7C8BA100B85950 /* Store+CoreDataProperties.swift */ = {isa = PBXFileReference; fileEncoding = 4; lastKnownFileType = sourcecode.swift; path = "Store+CoreDataProperties.swift"; sourceTree = "<group>"; };
		060C772F1D7CA07200B85950 /* tesla.jpg */ = {isa = PBXFileReference; lastKnownFileType = image.jpeg; path = tesla.jpg; sourceTree = "<group>"; };
		060C77321D7CA12800B85950 /* MaterialView.swift */ = {isa = PBXFileReference; fileEncoding = 4; lastKnownFileType = sourcecode.swift; path = MaterialView.swift; sourceTree = "<group>"; };
		060C77341D7CA6C900B85950 /* ItemCell.swift */ = {isa = PBXFileReference; fileEncoding = 4; lastKnownFileType = sourcecode.swift; path = ItemCell.swift; sourceTree = "<group>"; };
		0614BB8A1D7F34B10011B426 /* ItemDetailsVC.swift */ = {isa = PBXFileReference; fileEncoding = 4; lastKnownFileType = sourcecode.swift; path = ItemDetailsVC.swift; sourceTree = "<group>"; };
		0614BB8C1D7F440C0011B426 /* CustomTextField.swift */ = {isa = PBXFileReference; fileEncoding = 4; lastKnownFileType = sourcecode.swift; path = CustomTextField.swift; sourceTree = "<group>"; };
/* End PBXFileReference section */

/* Begin PBXFrameworksBuildPhase section */
		060C77021D7C851A00B85950 /* Frameworks */ = {
			isa = PBXFrameworksBuildPhase;
			buildActionMask = 2147483647;
			files = (
			);
			runOnlyForDeploymentPostprocessing = 0;
		};
/* End PBXFrameworksBuildPhase section */

/* Begin PBXGroup section */
		060C76FC1D7C851A00B85950 = {
			isa = PBXGroup;
			children = (
				060C77071D7C851A00B85950 /* DreamLister */,
				060C77061D7C851A00B85950 /* Products */,
			);
			sourceTree = "<group>";
		};
		060C77061D7C851A00B85950 /* Products */ = {
			isa = PBXGroup;
			children = (
				060C77051D7C851A00B85950 /* DreamLister.app */,
			);
			name = Products;
			sourceTree = "<group>";
		};
		060C77071D7C851A00B85950 /* DreamLister */ = {
			isa = PBXGroup;
			children = (
				060C77311D7CA0EA00B85950 /* View */,
				060C772D1D7C8BAC00B85950 /* Model */,
				060C77081D7C851A00B85950 /* AppDelegate.swift */,
				0614BB891D7F34250011B426 /* Controller */,
				060C772F1D7CA07200B85950 /* tesla.jpg */,
				060C770C1D7C851A00B85950 /* Main.storyboard */,
				060C77121D7C851A00B85950 /* Assets.xcassets */,
				060C77141D7C851A00B85950 /* LaunchScreen.storyboard */,
				060C77171D7C851A00B85950 /* Info.plist */,
				060C770F1D7C851A00B85950 /* DreamLister.xcdatamodeld */,
			);
			path = DreamLister;
			sourceTree = "<group>";
		};
		060C772D1D7C8BAC00B85950 /* Model */ = {
			isa = PBXGroup;
			children = (
				060C771D1D7C8BA100B85950 /* Item+CoreDataClass.swift */,
				060C771F1D7C8BA100B85950 /* Image+CoreDataClass.swift */,
				060C77211D7C8BA100B85950 /* ItemType+CoreDataClass.swift */,
				060C77231D7C8BA100B85950 /* Store+CoreDataClass.swift */,
				060C772E1D7C8BD500B85950 /* Generated */,
			);
			name = Model;
			sourceTree = "<group>";
		};
		060C772E1D7C8BD500B85950 /* Generated */ = {
			isa = PBXGroup;
			children = (
				060C771E1D7C8BA100B85950 /* Item+CoreDataProperties.swift */,
				060C77201D7C8BA100B85950 /* Image+CoreDataProperties.swift */,
				060C77221D7C8BA100B85950 /* ItemType+CoreDataProperties.swift */,
				060C77241D7C8BA100B85950 /* Store+CoreDataProperties.swift */,
			);
			name = Generated;
			sourceTree = "<group>";
		};
		060C77311D7CA0EA00B85950 /* View */ = {
			isa = PBXGroup;
			children = (
				060C77321D7CA12800B85950 /* MaterialView.swift */,
				060C77341D7CA6C900B85950 /* ItemCell.swift */,
				0614BB8C1D7F440C0011B426 /* CustomTextField.swift */,
			);
			name = View;
			sourceTree = "<group>";
		};
		0614BB891D7F34250011B426 /* Controller */ = {
			isa = PBXGroup;
			children = (
				060C770A1D7C851A00B85950 /* MainVC.swift */,
				0614BB8A1D7F34B10011B426 /* ItemDetailsVC.swift */,
			);
			name = Controller;
			sourceTree = "<group>";
		};
/* End PBXGroup section */

/* Begin PBXNativeTarget section */
		060C77041D7C851A00B85950 /* DreamLister */ = {
			isa = PBXNativeTarget;
			buildConfigurationList = 060C771A1D7C851A00B85950 /* Build configuration list for PBXNativeTarget "DreamLister" */;
			buildPhases = (
				060C77011D7C851A00B85950 /* Sources */,
				060C77021D7C851A00B85950 /* Frameworks */,
				060C77031D7C851A00B85950 /* Resources */,
			);
			buildRules = (
			);
			dependencies = (
			);
			name = DreamLister;
			productName = DreamLister;
			productReference = 060C77051D7C851A00B85950 /* DreamLister.app */;
			productType = "com.apple.product-type.application";
		};
/* End PBXNativeTarget section */

/* Begin PBXProject section */
		060C76FD1D7C851A00B85950 /* Project object */ = {
			isa = PBXProject;
			attributes = {
				LastSwiftUpdateCheck = 0800;
				LastUpgradeCheck = 0800;
				ORGANIZATIONNAME = gaberdios;
				TargetAttributes = {
					060C77041D7C851A00B85950 = {
						CreatedOnToolsVersion = 8.0;
						DevelopmentTeam = T9G2R3YYXX;
						ProvisioningStyle = Automatic;
					};
				};
			};
			buildConfigurationList = 060C77001D7C851A00B85950 /* Build configuration list for PBXProject "DreamLister" */;
			compatibilityVersion = "Xcode 3.2";
			developmentRegion = English;
			hasScannedForEncodings = 0;
			knownRegions = (
				en,
				Base,
			);
			mainGroup = 060C76FC1D7C851A00B85950;
			productRefGroup = 060C77061D7C851A00B85950 /* Products */;
			projectDirPath = "";
			projectRoot = "";
			targets = (
				060C77041D7C851A00B85950 /* DreamLister */,
			);
		};
/* End PBXProject section */

/* Begin PBXResourcesBuildPhase section */
		060C77031D7C851A00B85950 /* Resources */ = {
			isa = PBXResourcesBuildPhase;
			buildActionMask = 2147483647;
			files = (
				060C77161D7C851A00B85950 /* LaunchScreen.storyboard in Resources */,
				060C77301D7CA07200B85950 /* tesla.jpg in Resources */,
				060C77131D7C851A00B85950 /* Assets.xcassets in Resources */,
				060C770E1D7C851A00B85950 /* Main.storyboard in Resources */,
			);
			runOnlyForDeploymentPostprocessing = 0;
		};
/* End PBXResourcesBuildPhase section */

/* Begin PBXSourcesBuildPhase section */
		060C77011D7C851A00B85950 /* Sources */ = {
			isa = PBXSourcesBuildPhase;
			buildActionMask = 2147483647;
			files = (
				060C77351D7CA6C900B85950 /* ItemCell.swift in Sources */,
				060C770B1D7C851A00B85950 /* MainVC.swift in Sources */,
				060C77091D7C851A00B85950 /* AppDelegate.swift in Sources */,
				060C772A1D7C8BA100B85950 /* ItemType+CoreDataProperties.swift in Sources */,
				060C77331D7CA12800B85950 /* MaterialView.swift in Sources */,
				060C77251D7C8BA100B85950 /* Item+CoreDataClass.swift in Sources */,
				060C772C1D7C8BA100B85950 /* Store+CoreDataProperties.swift in Sources */,
				060C77271D7C8BA100B85950 /* Image+CoreDataClass.swift in Sources */,
				0614BB8B1D7F34B10011B426 /* ItemDetailsVC.swift in Sources */,
				060C77291D7C8BA100B85950 /* ItemType+CoreDataClass.swift in Sources */,
				060C77111D7C851A00B85950 /* DreamLister.xcdatamodeld in Sources */,
				060C772B1D7C8BA100B85950 /* Store+CoreDataClass.swift in Sources */,
				060C77261D7C8BA100B85950 /* Item+CoreDataProperties.swift in Sources */,
				060C77281D7C8BA100B85950 /* Image+CoreDataProperties.swift in Sources */,
				0614BB8D1D7F440C0011B426 /* CustomTextField.swift in Sources */,
			);
			runOnlyForDeploymentPostprocessing = 0;
		};
/* End PBXSourcesBuildPhase section */

/* Begin PBXVariantGroup section */
		060C770C1D7C851A00B85950 /* Main.storyboard */ = {
			isa = PBXVariantGroup;
			children = (
				060C770D1D7C851A00B85950 /* Base */,
			);
			name = Main.storyboard;
			sourceTree = "<group>";
		};
		060C77141D7C851A00B85950 /* LaunchScreen.storyboard */ = {
			isa = PBXVariantGroup;
			children = (
				060C77151D7C851A00B85950 /* Base */,
			);
			name = LaunchScreen.storyboard;
			sourceTree = "<group>";
		};
/* End PBXVariantGroup section */

/* Begin XCBuildConfiguration section */
		060C77181D7C851A00B85950 /* Debug */ = {
			isa = XCBuildConfiguration;
			buildSettings = {
				ALWAYS_SEARCH_USER_PATHS = NO;
				CLANG_ANALYZER_NONNULL = YES;
				CLANG_CXX_LANGUAGE_STANDARD = "gnu++0x";
				CLANG_CXX_LIBRARY = "libc++";
				CLANG_ENABLE_MODULES = YES;
				CLANG_ENABLE_OBJC_ARC = YES;
				CLANG_WARN_BOOL_CONVERSION = YES;
				CLANG_WARN_CONSTANT_CONVERSION = YES;
				CLANG_WARN_DIRECT_OBJC_ISA_USAGE = YES_ERROR;
				CLANG_WARN_DOCUMENTATION_COMMENTS = YES;
				CLANG_WARN_EMPTY_BODY = YES;
				CLANG_WARN_ENUM_CONVERSION = YES;
				CLANG_WARN_INFINITE_RECURSION = YES;
				CLANG_WARN_INT_CONVERSION = YES;
				CLANG_WARN_OBJC_ROOT_CLASS = YES_ERROR;
				CLANG_WARN_SUSPICIOUS_MOVES = YES;
				CLANG_WARN_UNREACHABLE_CODE = YES;
				CLANG_WARN__DUPLICATE_METHOD_MATCH = YES;
				"CODE_SIGN_IDENTITY[sdk=iphoneos*]" = "iPhone Developer";
				COPY_PHASE_STRIP = NO;
				DEBUG_INFORMATION_FORMAT = dwarf;
				ENABLE_STRICT_OBJC_MSGSEND = YES;
				ENABLE_TESTABILITY = YES;
				GCC_C_LANGUAGE_STANDARD = gnu99;
				GCC_DYNAMIC_NO_PIC = NO;
				GCC_NO_COMMON_BLOCKS = YES;
				GCC_OPTIMIZATION_LEVEL = 0;
				GCC_PREPROCESSOR_DEFINITIONS = (
					"DEBUG=1",
					"$(inherited)",
				);
				GCC_WARN_64_TO_32_BIT_CONVERSION = YES;
				GCC_WARN_ABOUT_RETURN_TYPE = YES_ERROR;
				GCC_WARN_UNDECLARED_SELECTOR = YES;
				GCC_WARN_UNINITIALIZED_AUTOS = YES_AGGRESSIVE;
				GCC_WARN_UNUSED_FUNCTION = YES;
				GCC_WARN_UNUSED_VARIABLE = YES;
				IPHONEOS_DEPLOYMENT_TARGET = 10.0;
				MTL_ENABLE_DEBUG_INFO = YES;
				ONLY_ACTIVE_ARCH = YES;
				SDKROOT = iphoneos;
				SWIFT_ACTIVE_COMPILATION_CONDITIONS = DEBUG;
				SWIFT_OPTIMIZATION_LEVEL = "-Onone";
				TARGETED_DEVICE_FAMILY = "1,2";
			};
			name = Debug;
		};
		060C77191D7C851A00B85950 /* Release */ = {
			isa = XCBuildConfiguration;
			buildSettings = {
				ALWAYS_SEARCH_USER_PATHS = NO;
				CLANG_ANALYZER_NONNULL = YES;
				CLANG_CXX_LANGUAGE_STANDARD = "gnu++0x";
				CLANG_CXX_LIBRARY = "libc++";
				CLANG_ENABLE_MODULES = YES;
				CLANG_ENABLE_OBJC_ARC = YES;
				CLANG_WARN_BOOL_CONVERSION = YES;
				CLANG_WARN_CONSTANT_CONVERSION = YES;
				CLANG_WARN_DIRECT_OBJC_ISA_USAGE = YES_ERROR;
				CLANG_WARN_DOCUMENTATION_COMMENTS = YES;
				CLANG_WARN_EMPTY_BODY = YES;
				CLANG_WARN_ENUM_CONVERSION = YES;
				CLANG_WARN_INFINITE_RECURSION = YES;
				CLANG_WARN_INT_CONVERSION = YES;
				CLANG_WARN_OBJC_ROOT_CLASS = YES_ERROR;
				CLANG_WARN_SUSPICIOUS_MOVES = YES;
				CLANG_WARN_UNREACHABLE_CODE = YES;
				CLANG_WARN__DUPLICATE_METHOD_MATCH = YES;
				"CODE_SIGN_IDENTITY[sdk=iphoneos*]" = "iPhone Developer";
				COPY_PHASE_STRIP = NO;
				DEBUG_INFORMATION_FORMAT = "dwarf-with-dsym";
				ENABLE_NS_ASSERTIONS = NO;
				ENABLE_STRICT_OBJC_MSGSEND = YES;
				GCC_C_LANGUAGE_STANDARD = gnu99;
				GCC_NO_COMMON_BLOCKS = YES;
				GCC_WARN_64_TO_32_BIT_CONVERSION = YES;
				GCC_WARN_ABOUT_RETURN_TYPE = YES_ERROR;
				GCC_WARN_UNDECLARED_SELECTOR = YES;
				GCC_WARN_UNINITIALIZED_AUTOS = YES_AGGRESSIVE;
				GCC_WARN_UNUSED_FUNCTION = YES;
				GCC_WARN_UNUSED_VARIABLE = YES;
				IPHONEOS_DEPLOYMENT_TARGET = 10.0;
				MTL_ENABLE_DEBUG_INFO = NO;
				SDKROOT = iphoneos;
				SWIFT_OPTIMIZATION_LEVEL = "-Owholemodule";
				TARGETED_DEVICE_FAMILY = "1,2";
				VALIDATE_PRODUCT = YES;
			};
			name = Release;
		};
		060C771B1D7C851A00B85950 /* Debug */ = {
			isa = XCBuildConfiguration;
			buildSettings = {
				ASSETCATALOG_COMPILER_APPICON_NAME = AppIcon;
				DEVELOPMENT_TEAM = T9G2R3YYXX;
				INFOPLIST_FILE = DreamLister/Info.plist;
				LD_RUNPATH_SEARCH_PATHS = "$(inherited) @executable_path/Frameworks";
				PRODUCT_BUNDLE_IDENTIFIER = com.gaberdios.DreamLister;
				PRODUCT_NAME = "$(TARGET_NAME)";
				SWIFT_VERSION = 3.0;
				TARGETED_DEVICE_FAMILY = 1;
			};
			name = Debug;
		};
		060C771C1D7C851A00B85950 /* Release */ = {
			isa = XCBuildConfiguration;
			buildSettings = {
				ASSETCATALOG_COMPILER_APPICON_NAME = AppIcon;
				DEVELOPMENT_TEAM = T9G2R3YYXX;
				INFOPLIST_FILE = DreamLister/Info.plist;
				LD_RUNPATH_SEARCH_PATHS = "$(inherited) @executable_path/Frameworks";
				PRODUCT_BUNDLE_IDENTIFIER = com.gaberdios.DreamLister;
				PRODUCT_NAME = "$(TARGET_NAME)";
				SWIFT_VERSION = 3.0;
				TARGETED_DEVICE_FAMILY = 1;
			};
			name = Release;
		};
/* End XCBuildConfiguration section */

/* Begin XCConfigurationList section */
		060C77001D7C851A00B85950 /* Build configuration list for PBXProject "DreamLister" */ = {
			isa = XCConfigurationList;
			buildConfigurations = (
				060C77181D7C851A00B85950 /* Debug */,
				060C77191D7C851A00B85950 /* Release */,
			);
			defaultConfigurationIsVisible = 0;
			defaultConfigurationName = Release;
		};
		060C771A1D7C851A00B85950 /* Build configuration list for PBXNativeTarget "DreamLister" */ = {
			isa = XCConfigurationList;
			buildConfigurations = (
				060C771B1D7C851A00B85950 /* Debug */,
				060C771C1D7C851A00B85950 /* Release */,
			);
			defaultConfigurationIsVisible = 0;
			defaultConfigurationName = Release;
		};
/* End XCConfigurationList section */

/* Begin XCVersionGroup section */
		060C770F1D7C851A00B85950 /* DreamLister.xcdatamodeld */ = {
			isa = XCVersionGroup;
			children = (
				060C77101D7C851A00B85950 /* DreamLister.xcdatamodel */,
			);
			currentVersion = 060C77101D7C851A00B85950 /* DreamLister.xcdatamodel */;
			path = DreamLister.xcdatamodeld;
			sourceTree = "<group>";
			versionGroupType = wrapper.xcdatamodel;
		};
/* End XCVersionGroup section */
	};
	rootObject = 060C76FD1D7C851A00B85950 /* Project object */;
}
